{
  "requires": true,
  "lockfileVersion": 1,
  "dependencies": {
    "animejs": {
      "version": "3.2.0",
      "resolved": "https://registry.npmjs.org/animejs/-/animejs-3.2.0.tgz",
      "integrity": "sha512-zhtGl5cS0G2f5DfciMO8uwWpnx06nfFnHlXYYXHBazHep1Lyd6kEtBQP+9hpYKE0dBZjIigHp9VpMO95ZfXQJQ=="
    },
    "commander": {
      "version": "1.1.1",
      "resolved": "https://registry.npmjs.org/commander/-/commander-1.1.1.tgz",
      "integrity": "sha1-UNFlGGiuYOzP8KLZ80WVN2vGsEE=",
      "requires": {
        "keypress": "0.1.x"
      }
    },
    "js": {
      "version": "0.1.0",
      "resolved": "https://registry.npmjs.org/js/-/js-0.1.0.tgz",
      "integrity": "sha1-4dCv1V6jnCso2jBOgUPq8sEz82Y=",
      "requires": {
        "commander": "~1.1.1"
      }
    },
    "keypress": {
      "version": "0.1.0",
      "resolved": "https://registry.npmjs.org/keypress/-/keypress-0.1.0.tgz",
      "integrity": "sha1-SjGI1CkbZrT2XtuZ+AaqmuKTWSo="
    }
  }
}
